
Microsoft Visual Studio Solution File, Format Version 12.00
Project("{FAE04EC0-301F-11D3-BF4B-00C04F79EFBC}") = "GraphQLNetSample", "GraphQLNetSample\GraphQLNetSample.csproj", "{BFC66C54-CB2A-489B-BEE4-A4BB6F57F0C4}"
EndProject
Global
	GlobalSection(SolutionConfigurationPlatforms) = preSolution
		Debug|Any CPU = Debug|Any CPU
		Release|Any CPU = Release|Any CPU
	EndGlobalSection
	GlobalSection(ProjectConfigurationPlatforms) = postSolution
		{BFC66C54-CB2A-489B-BEE4-A4BB6F57F0C4}.Debug|Any CPU.ActiveCfg = Debug|Any CPU
		{BFC66C54-CB2A-489B-BEE4-A4BB6F57F0C4}.Debug|Any CPU.Build.0 = Debug|Any CPU
		{BFC66C54-CB2A-489B-BEE4-A4BB6F57F0C4}.Release|Any CPU.ActiveCfg = Release|Any CPU
		{BFC66C54-CB2A-489B-BEE4-A4BB6F57F0C4}.Release|Any CPU.Build.0 = Release|Any CPU
	EndGlobalSection
EndGlobal
